
Microsoft Visual Studio Solution File, Format Version 12.00
Project("{FAE04EC0-301F-11D3-BF4B-00C04F79EFBC}") = "TSAK.PetShopComp.2021.Core", "TSAK.PetShopComp.2021.Core\TSAK.PetShopComp.2021.Core.csproj", "{8541EFFD-83ED-43A4-AC8F-0A8B621AAA8A}"
EndProject
Project("{FAE04EC0-301F-11D3-BF4B-00C04F79EFBC}") = "TSAK.PetShopComp.2021.Domain", "TSAK.PetShopComp.2021.Domain\TSAK.PetShopComp.2021.Domain.csproj", "{65FDBDCC-0E87-4AC4-997D-96E267A408E1}"
EndProject
Project("{2150E333-8FDC-42A3-9474-1A3956D46DE8}") = "Core", "Core", "{5829859F-6B43-4048-B21C-D92501BBBF37}"
EndProject
Project("{2150E333-8FDC-42A3-9474-1A3956D46DE8}") = "Infrastructure", "Infrastructure", "{C7EBB498-33DD-4085-92B6-59AEB4DDC80B}"
EndProject
Project("{2150E333-8FDC-42A3-9474-1A3956D46DE8}") = "UI", "UI", "{7630BF60-16AC-4C2D-B943-E7060CE52DAE}"
EndProject
Project("{FAE04EC0-301F-11D3-BF4B-00C04F79EFBC}") = "TSAK.PetShopComp.2021.UI", "TSAK.PetShopComp.2021.UI\TSAK.PetShopComp.2021.UI.csproj", "{0D676A23-DDB8-4888-AA77-4D229AC77F1D}"
EndProject
Project("{FAE04EC0-301F-11D3-BF4B-00C04F79EFBC}") = "TSAK.PetShopComp.2021.Infrastructure.DataAccess", "TSAK.PetShopComp.2021.Infrastructure.DataAccess\TSAK.PetShopComp.2021.Infrastructure.DataAccess.csproj", "{78AA1E81-744A-4904-B3D3-0DEDF05E9A00}"
EndProject
Project("{FAE04EC0-301F-11D3-BF4B-00C04F79EFBC}") = "TSAK.PetShop2021.WebApi", "TSAK.PetShop2021.WebApi\TSAK.PetShop2021.WebApi.csproj", "{530AFFA4-E16D-4727-A7C4-ABA45D143E62}"
EndProject
Project("{FAE04EC0-301F-11D3-BF4B-00C04F79EFBC}") = "TSAK.PetShopComp.2021.EF", "TSAK.PetShopComp.2021.EF\TSAK.PetShopComp.2021.EF.csproj", "{3BF75611-6086-4339-AB66-C259BF33B56D}"
EndProject
Global
	GlobalSection(SolutionConfigurationPlatforms) = preSolution
		Debug|Any CPU = Debug|Any CPU
		Release|Any CPU = Release|Any CPU
	EndGlobalSection
	GlobalSection(ProjectConfigurationPlatforms) = postSolution
		{8541EFFD-83ED-43A4-AC8F-0A8B621AAA8A}.Debug|Any CPU.ActiveCfg = Debug|Any CPU
		{8541EFFD-83ED-43A4-AC8F-0A8B621AAA8A}.Debug|Any CPU.Build.0 = Debug|Any CPU
		{8541EFFD-83ED-43A4-AC8F-0A8B621AAA8A}.Release|Any CPU.ActiveCfg = Release|Any CPU
		{8541EFFD-83ED-43A4-AC8F-0A8B621AAA8A}.Release|Any CPU.Build.0 = Release|Any CPU
		{65FDBDCC-0E87-4AC4-997D-96E267A408E1}.Debug|Any CPU.ActiveCfg = Debug|Any CPU
		{65FDBDCC-0E87-4AC4-997D-96E267A408E1}.Debug|Any CPU.Build.0 = Debug|Any CPU
		{65FDBDCC-0E87-4AC4-997D-96E267A408E1}.Release|Any CPU.ActiveCfg = Release|Any CPU
		{65FDBDCC-0E87-4AC4-997D-96E267A408E1}.Release|Any CPU.Build.0 = Release|Any CPU
		{0D676A23-DDB8-4888-AA77-4D229AC77F1D}.Debug|Any CPU.ActiveCfg = Debug|Any CPU
		{0D676A23-DDB8-4888-AA77-4D229AC77F1D}.Debug|Any CPU.Build.0 = Debug|Any CPU
		{0D676A23-DDB8-4888-AA77-4D229AC77F1D}.Release|Any CPU.ActiveCfg = Release|Any CPU
		{0D676A23-DDB8-4888-AA77-4D229AC77F1D}.Release|Any CPU.Build.0 = Release|Any CPU
		{78AA1E81-744A-4904-B3D3-0DEDF05E9A00}.Debug|Any CPU.ActiveCfg = Debug|Any CPU
		{78AA1E81-744A-4904-B3D3-0DEDF05E9A00}.Debug|Any CPU.Build.0 = Debug|Any CPU
		{78AA1E81-744A-4904-B3D3-0DEDF05E9A00}.Release|Any CPU.ActiveCfg = Release|Any CPU
		{78AA1E81-744A-4904-B3D3-0DEDF05E9A00}.Release|Any CPU.Build.0 = Release|Any CPU
		{530AFFA4-E16D-4727-A7C4-ABA45D143E62}.Debug|Any CPU.ActiveCfg = Debug|Any CPU
		{530AFFA4-E16D-4727-A7C4-ABA45D143E62}.Debug|Any CPU.Build.0 = Debug|Any CPU
		{530AFFA4-E16D-4727-A7C4-ABA45D143E62}.Release|Any CPU.ActiveCfg = Release|Any CPU
		{530AFFA4-E16D-4727-A7C4-ABA45D143E62}.Release|Any CPU.Build.0 = Release|Any CPU
		{3BF75611-6086-4339-AB66-C259BF33B56D}.Debug|Any CPU.ActiveCfg = Debug|Any CPU
		{3BF75611-6086-4339-AB66-C259BF33B56D}.Debug|Any CPU.Build.0 = Debug|Any CPU
		{3BF75611-6086-4339-AB66-C259BF33B56D}.Release|Any CPU.ActiveCfg = Release|Any CPU
		{3BF75611-6086-4339-AB66-C259BF33B56D}.Release|Any CPU.Build.0 = Release|Any CPU
	EndGlobalSection
	GlobalSection(NestedProjects) = preSolution
		{8541EFFD-83ED-43A4-AC8F-0A8B621AAA8A} = {5829859F-6B43-4048-B21C-D92501BBBF37}
		{65FDBDCC-0E87-4AC4-997D-96E267A408E1} = {5829859F-6B43-4048-B21C-D92501BBBF37}
		{0D676A23-DDB8-4888-AA77-4D229AC77F1D} = {7630BF60-16AC-4C2D-B943-E7060CE52DAE}
		{78AA1E81-744A-4904-B3D3-0DEDF05E9A00} = {C7EBB498-33DD-4085-92B6-59AEB4DDC80B}
		{530AFFA4-E16D-4727-A7C4-ABA45D143E62} = {7630BF60-16AC-4C2D-B943-E7060CE52DAE}
		{3BF75611-6086-4339-AB66-C259BF33B56D} = {C7EBB498-33DD-4085-92B6-59AEB4DDC80B}
	EndGlobalSection
EndGlobal
